# This file is automatically @generated by Poetry 1.6.1 and should not be changed by hand.

[[package]]
name = "cloudpickle"
version = "2.2.1"
description = "Extended pickling support for Python objects"
optional = false
python-versions = ">=3.6"
files = [
    {file = "cloudpickle-2.2.1-py3-none-any.whl", hash = "sha256:61f594d1f4c295fa5cd9014ceb3a1fc4a70b0de1164b94fbc2d854ccba056f9f"},
    {file = "cloudpickle-2.2.1.tar.gz", hash = "sha256:d89684b8de9e34a2a43b3460fbca07d09d6e25ce858df4d5a44240403b6178f5"},
]

[[package]]
name = "colorama"
version = "0.4.6"
description = "Cross-platform colored terminal text."
optional = false
python-versions = "!=3.0.*,!=3.1.*,!=3.2.*,!=3.3.*,!=3.4.*,!=3.5.*,!=3.6.*,>=2.7"
files = [
    {file = "colorama-0.4.6-py2.py3-none-any.whl", hash = "sha256:4f1d9991f5acc0ca119f9d443620b77f9d6b33703e51011c16baf57afb285fc6"},
    {file = "colorama-0.4.6.tar.gz", hash = "sha256:08695f5cb7ed6e0531a20572697297273c47b8cae5a63ffc6d6ed5c201be6e44"},
]

[[package]]
name = "coverage"
version = "7.3.0"
description = "Code coverage measurement for Python"
optional = false
python-versions = ">=3.8"
files = [
    {file = "coverage-7.3.0-cp310-cp310-macosx_10_9_x86_64.whl", hash = "sha256:db76a1bcb51f02b2007adacbed4c88b6dee75342c37b05d1822815eed19edee5"},
    {file = "coverage-7.3.0-cp310-cp310-macosx_11_0_arm64.whl", hash = "sha256:c02cfa6c36144ab334d556989406837336c1d05215a9bdf44c0bc1d1ac1cb637"},
    {file = "coverage-7.3.0-cp310-cp310-manylinux_2_17_aarch64.manylinux2014_aarch64.whl", hash = "sha256:477c9430ad5d1b80b07f3c12f7120eef40bfbf849e9e7859e53b9c93b922d2af"},
    {file = "coverage-7.3.0-cp310-cp310-manylinux_2_5_i686.manylinux1_i686.manylinux_2_17_i686.manylinux2014_i686.whl", hash = "sha256:ce2ee86ca75f9f96072295c5ebb4ef2a43cecf2870b0ca5e7a1cbdd929cf67e1"},
    {file = "coverage-7.3.0-cp310-cp310-manylinux_2_5_x86_64.manylinux1_x86_64.manylinux_2_17_x86_64.manylinux2014_x86_64.whl", hash = "sha256:68d8a0426b49c053013e631c0cdc09b952d857efa8f68121746b339912d27a12"},
    {file = "coverage-7.3.0-cp310-cp310-musllinux_1_1_aarch64.whl", hash = "sha256:b3eb0c93e2ea6445b2173da48cb548364f8f65bf68f3d090404080d338e3a689"},
    {file = "coverage-7.3.0-cp310-cp310-musllinux_1_1_i686.whl", hash = "sha256:90b6e2f0f66750c5a1178ffa9370dec6c508a8ca5265c42fbad3ccac210a7977"},
    {file = "coverage-7.3.0-cp310-cp310-musllinux_1_1_x86_64.whl", hash = "sha256:96d7d761aea65b291a98c84e1250cd57b5b51726821a6f2f8df65db89363be51"},
    {file = "coverage-7.3.0-cp310-cp310-win32.whl", hash = "sha256:63c5b8ecbc3b3d5eb3a9d873dec60afc0cd5ff9d9f1c75981d8c31cfe4df8527"},
    {file = "coverage-7.3.0-cp310-cp310-win_amd64.whl", hash = "sha256:97c44f4ee13bce914272589b6b41165bbb650e48fdb7bd5493a38bde8de730a1"},
    {file = "coverage-7.3.0-cp311-cp311-macosx_10_9_x86_64.whl", hash = "sha256:74c160285f2dfe0acf0f72d425f3e970b21b6de04157fc65adc9fd07ee44177f"},
    {file = "coverage-7.3.0-cp311-cp311-macosx_11_0_arm64.whl", hash = "sha256:b543302a3707245d454fc49b8ecd2c2d5982b50eb63f3535244fd79a4be0c99d"},
    {file = "coverage-7.3.0-cp311-cp311-manylinux_2_17_aarch64.manylinux2014_aarch64.whl", hash = "sha256:ad0f87826c4ebd3ef484502e79b39614e9c03a5d1510cfb623f4a4a051edc6fd"},
    {file = "coverage-7.3.0-cp311-cp311-manylinux_2_5_i686.manylinux1_i686.manylinux_2_17_i686.manylinux2014_i686.whl", hash = "sha256:13c6cbbd5f31211d8fdb477f0f7b03438591bdd077054076eec362cf2207b4a7"},
    {file = "coverage-7.3.0-cp311-cp311-manylinux_2_5_x86_64.manylinux1_x86_64.manylinux_2_17_x86_64.manylinux2014_x86_64.whl", hash = "sha256:fac440c43e9b479d1241fe9d768645e7ccec3fb65dc3a5f6e90675e75c3f3e3a"},
    {file = "coverage-7.3.0-cp311-cp311-musllinux_1_1_aarch64.whl", hash = "sha256:3c9834d5e3df9d2aba0275c9f67989c590e05732439b3318fa37a725dff51e74"},
    {file = "coverage-7.3.0-cp311-cp311-musllinux_1_1_i686.whl", hash = "sha256:4c8e31cf29b60859876474034a83f59a14381af50cbe8a9dbaadbf70adc4b214"},
    {file = "coverage-7.3.0-cp311-cp311-musllinux_1_1_x86_64.whl", hash = "sha256:7a9baf8e230f9621f8e1d00c580394a0aa328fdac0df2b3f8384387c44083c0f"},
    {file = "coverage-7.3.0-cp311-cp311-win32.whl", hash = "sha256:ccc51713b5581e12f93ccb9c5e39e8b5d4b16776d584c0f5e9e4e63381356482"},
    {file = "coverage-7.3.0-cp311-cp311-win_amd64.whl", hash = "sha256:887665f00ea4e488501ba755a0e3c2cfd6278e846ada3185f42d391ef95e7e70"},
    {file = "coverage-7.3.0-cp312-cp312-macosx_10_9_x86_64.whl", hash = "sha256:d000a739f9feed900381605a12a61f7aaced6beae832719ae0d15058a1e81c1b"},
    {file = "coverage-7.3.0-cp312-cp312-macosx_11_0_arm64.whl", hash = "sha256:59777652e245bb1e300e620ce2bef0d341945842e4eb888c23a7f1d9e143c446"},
    {file = "coverage-7.3.0-cp312-cp312-manylinux_2_17_aarch64.manylinux2014_aarch64.whl", hash = "sha256:c9737bc49a9255d78da085fa04f628a310c2332b187cd49b958b0e494c125071"},
    {file = "coverage-7.3.0-cp312-cp312-manylinux_2_5_i686.manylinux1_i686.manylinux_2_17_i686.manylinux2014_i686.whl", hash = "sha256:5247bab12f84a1d608213b96b8af0cbb30d090d705b6663ad794c2f2a5e5b9fe"},
    {file = "coverage-7.3.0-cp312-cp312-manylinux_2_5_x86_64.manylinux1_x86_64.manylinux_2_17_x86_64.manylinux2014_x86_64.whl", hash = "sha256:e2ac9a1de294773b9fa77447ab7e529cf4fe3910f6a0832816e5f3d538cfea9a"},
    {file = "coverage-7.3.0-cp312-cp312-musllinux_1_1_aarch64.whl", hash = "sha256:85b7335c22455ec12444cec0d600533a238d6439d8d709d545158c1208483873"},
    {file = "coverage-7.3.0-cp312-cp312-musllinux_1_1_i686.whl", hash = "sha256:36ce5d43a072a036f287029a55b5c6a0e9bd73db58961a273b6dc11a2c6eb9c2"},
    {file = "coverage-7.3.0-cp312-cp312-musllinux_1_1_x86_64.whl", hash = "sha256:211a4576e984f96d9fce61766ffaed0115d5dab1419e4f63d6992b480c2bd60b"},
    {file = "coverage-7.3.0-cp312-cp312-win32.whl", hash = "sha256:56afbf41fa4a7b27f6635bc4289050ac3ab7951b8a821bca46f5b024500e6321"},
    {file = "coverage-7.3.0-cp312-cp312-win_amd64.whl", hash = "sha256:7f297e0c1ae55300ff688568b04ff26b01c13dfbf4c9d2b7d0cb688ac60df479"},
    {file = "coverage-7.3.0-cp38-cp38-macosx_10_9_x86_64.whl", hash = "sha256:ac0dec90e7de0087d3d95fa0533e1d2d722dcc008bc7b60e1143402a04c117c1"},
    {file = "coverage-7.3.0-cp38-cp38-macosx_11_0_arm64.whl", hash = "sha256:438856d3f8f1e27f8e79b5410ae56650732a0dcfa94e756df88c7e2d24851fcd"},
    {file = "coverage-7.3.0-cp38-cp38-manylinux_2_17_aarch64.manylinux2014_aarch64.whl", hash = "sha256:1084393c6bda8875c05e04fce5cfe1301a425f758eb012f010eab586f1f3905e"},
    {file = "coverage-7.3.0-cp38-cp38-manylinux_2_5_i686.manylinux1_i686.manylinux_2_17_i686.manylinux2014_i686.whl", hash = "sha256:49ab200acf891e3dde19e5aa4b0f35d12d8b4bd805dc0be8792270c71bd56c54"},
    {file = "coverage-7.3.0-cp38-cp38-manylinux_2_5_x86_64.manylinux1_x86_64.manylinux_2_17_x86_64.manylinux2014_x86_64.whl", hash = "sha256:a67e6bbe756ed458646e1ef2b0778591ed4d1fcd4b146fc3ba2feb1a7afd4254"},
    {file = "coverage-7.3.0-cp38-cp38-musllinux_1_1_aarch64.whl", hash = "sha256:8f39c49faf5344af36042b293ce05c0d9004270d811c7080610b3e713251c9b0"},
    {file = "coverage-7.3.0-cp38-cp38-musllinux_1_1_i686.whl", hash = "sha256:7df91fb24c2edaabec4e0eee512ff3bc6ec20eb8dccac2e77001c1fe516c0c84"},
    {file = "coverage-7.3.0-cp38-cp38-musllinux_1_1_x86_64.whl", hash = "sha256:34f9f0763d5fa3035a315b69b428fe9c34d4fc2f615262d6be3d3bf3882fb985"},
    {file = "coverage-7.3.0-cp38-cp38-win32.whl", hash = "sha256:bac329371d4c0d456e8d5f38a9b0816b446581b5f278474e416ea0c68c47dcd9"},
    {file = "coverage-7.3.0-cp38-cp38-win_amd64.whl", hash = "sha256:b859128a093f135b556b4765658d5d2e758e1fae3e7cc2f8c10f26fe7005e543"},
    {file = "coverage-7.3.0-cp39-cp39-macosx_10_9_x86_64.whl", hash = "sha256:fc0ed8d310afe013db1eedd37176d0839dc66c96bcfcce8f6607a73ffea2d6ba"},
    {file = "coverage-7.3.0-cp39-cp39-macosx_11_0_arm64.whl", hash = "sha256:e61260ec93f99f2c2d93d264b564ba912bec502f679793c56f678ba5251f0393"},
    {file = "coverage-7.3.0-cp39-cp39-manylinux_2_17_aarch64.manylinux2014_aarch64.whl", hash = "sha256:97af9554a799bd7c58c0179cc8dbf14aa7ab50e1fd5fa73f90b9b7215874ba28"},
    {file = "coverage-7.3.0-cp39-cp39-manylinux_2_5_i686.manylinux1_i686.manylinux_2_17_i686.manylinux2014_i686.whl", hash = "sha256:3558e5b574d62f9c46b76120a5c7c16c4612dc2644c3d48a9f4064a705eaee95"},
    {file = "coverage-7.3.0-cp39-cp39-manylinux_2_5_x86_64.manylinux1_x86_64.manylinux_2_17_x86_64.manylinux2014_x86_64.whl", hash = "sha256:37d5576d35fcb765fca05654f66aa71e2808d4237d026e64ac8b397ffa66a56a"},
    {file = "coverage-7.3.0-cp39-cp39-musllinux_1_1_aarch64.whl", hash = "sha256:07ea61bcb179f8f05ffd804d2732b09d23a1238642bf7e51dad62082b5019b34"},
    {file = "coverage-7.3.0-cp39-cp39-musllinux_1_1_i686.whl", hash = "sha256:80501d1b2270d7e8daf1b64b895745c3e234289e00d5f0e30923e706f110334e"},
    {file = "coverage-7.3.0-cp39-cp39-musllinux_1_1_x86_64.whl", hash = "sha256:4eddd3153d02204f22aef0825409091a91bf2a20bce06fe0f638f5c19a85de54"},
    {file = "coverage-7.3.0-cp39-cp39-win32.whl", hash = "sha256:2d22172f938455c156e9af2612650f26cceea47dc86ca048fa4e0b2d21646ad3"},
    {file = "coverage-7.3.0-cp39-cp39-win_amd64.whl", hash = "sha256:60f64e2007c9144375dd0f480a54d6070f00bb1a28f65c408370544091c9bc9e"},
    {file = "coverage-7.3.0-pp38.pp39.pp310-none-any.whl", hash = "sha256:5492a6ce3bdb15c6ad66cb68a0244854d9917478877a25671d70378bdc8562d0"},
    {file = "coverage-7.3.0.tar.gz", hash = "sha256:49dbb19cdcafc130f597d9e04a29d0a032ceedf729e41b181f51cd170e6ee865"},
]

[package.dependencies]
tomli = {version = "*", optional = true, markers = "python_full_version <= \"3.11.0a6\" and extra == \"toml\""}

[package.extras]
toml = ["tomli"]

[[package]]
name = "exceptiongroup"
version = "1.1.3"
description = "Backport of PEP 654 (exception groups)"
optional = false
python-versions = ">=3.7"
files = [
    {file = "exceptiongroup-1.1.3-py3-none-any.whl", hash = "sha256:343280667a4585d195ca1cf9cef84a4e178c4b6cf2274caef9859782b567d5e3"},
    {file = "exceptiongroup-1.1.3.tar.gz", hash = "sha256:097acd85d473d75af5bb98e41b61ff7fe35efe6675e4f9370ec6ec5126d160e9"},
]

[package.extras]
test = ["pytest (>=6)"]

[[package]]
name = "farama-notifications"
version = "0.0.4"
description = "Notifications for all Farama Foundation maintained libraries."
optional = false
python-versions = "*"
files = [
    {file = "Farama-Notifications-0.0.4.tar.gz", hash = "sha256:13fceff2d14314cf80703c8266462ebf3733c7d165336eee998fc58e545efd18"},
    {file = "Farama_Notifications-0.0.4-py3-none-any.whl", hash = "sha256:14de931035a41961f7c056361dc7f980762a143d05791ef5794a751a2caf05ae"},
]

[[package]]
name = "gymnasium"
version = "0.29.1"
description = "A standard API for reinforcement learning and a diverse set of reference environments (formerly Gym)."
optional = false
python-versions = ">=3.8"
files = [
    {file = "gymnasium-0.29.1-py3-none-any.whl", hash = "sha256:61c3384b5575985bb7f85e43213bcb40f36fcdff388cae6bc229304c71f2843e"},
    {file = "gymnasium-0.29.1.tar.gz", hash = "sha256:1a532752efcb7590478b1cc7aa04f608eb7a2fdad5570cd217b66b6a35274bb1"},
]

[package.dependencies]
cloudpickle = ">=1.2.0"
farama-notifications = ">=0.0.1"
numpy = ">=1.21.0"
typing-extensions = ">=4.3.0"

[package.extras]
accept-rom-license = ["autorom[accept-rom-license] (>=0.4.2,<0.5.0)"]
all = ["box2d-py (==2.3.5)", "cython (<3)", "imageio (>=2.14.1)", "jax (>=0.4.0)", "jaxlib (>=0.4.0)", "lz4 (>=3.1.0)", "matplotlib (>=3.0)", "moviepy (>=1.0.0)", "mujoco (>=2.3.3)", "mujoco-py (>=2.1,<2.2)", "opencv-python (>=3.0)", "pygame (>=2.1.3)", "shimmy[atari] (>=0.1.0,<1.0)", "swig (==4.*)", "torch (>=1.0.0)"]
atari = ["shimmy[atari] (>=0.1.0,<1.0)"]
box2d = ["box2d-py (==2.3.5)", "pygame (>=2.1.3)", "swig (==4.*)"]
classic-control = ["pygame (>=2.1.3)", "pygame (>=2.1.3)"]
jax = ["jax (>=0.4.0)", "jaxlib (>=0.4.0)"]
mujoco = ["imageio (>=2.14.1)", "mujoco (>=2.3.3)"]
mujoco-py = ["cython (<3)", "cython (<3)", "mujoco-py (>=2.1,<2.2)", "mujoco-py (>=2.1,<2.2)"]
other = ["lz4 (>=3.1.0)", "matplotlib (>=3.0)", "moviepy (>=1.0.0)", "opencv-python (>=3.0)", "torch (>=1.0.0)"]
testing = ["pytest (==7.1.3)", "scipy (>=1.7.3)"]
toy-text = ["pygame (>=2.1.3)", "pygame (>=2.1.3)"]

[[package]]
name = "iniconfig"
version = "2.0.0"
description = "brain-dead simple config-ini parsing"
optional = false
python-versions = ">=3.7"
files = [
    {file = "iniconfig-2.0.0-py3-none-any.whl", hash = "sha256:b6a85871a79d2e3b22d2d1b94ac2824226a63c6b741c88f7ae975f18b6778374"},
    {file = "iniconfig-2.0.0.tar.gz", hash = "sha256:2d91e135bf72d31a410b17c16da610a82cb55f6b0477d1a902134b24a455b8b3"},
]

[[package]]
name = "numpy"
version = "1.24.1"
description = "Fundamental package for array computing in Python"
optional = false
python-versions = ">=3.8"
files = [
    {file = "numpy-1.24.1-cp310-cp310-macosx_10_9_x86_64.whl", hash = "sha256:179a7ef0889ab769cc03573b6217f54c8bd8e16cef80aad369e1e8185f994cd7"},
    {file = "numpy-1.24.1-cp310-cp310-macosx_11_0_arm64.whl", hash = "sha256:b09804ff570b907da323b3d762e74432fb07955701b17b08ff1b5ebaa8cfe6a9"},
    {file = "numpy-1.24.1-cp310-cp310-manylinux_2_17_aarch64.manylinux2014_aarch64.whl", hash = "sha256:f1b739841821968798947d3afcefd386fa56da0caf97722a5de53e07c4ccedc7"},
    {file = "numpy-1.24.1-cp310-cp310-manylinux_2_17_x86_64.manylinux2014_x86_64.whl", hash = "sha256:0e3463e6ac25313462e04aea3fb8a0a30fb906d5d300f58b3bc2c23da6a15398"},
    {file = "numpy-1.24.1-cp310-cp310-win32.whl", hash = "sha256:b31da69ed0c18be8b77bfce48d234e55d040793cebb25398e2a7d84199fbc7e2"},
    {file = "numpy-1.24.1-cp310-cp310-win_amd64.whl", hash = "sha256:b07b40f5fb4fa034120a5796288f24c1fe0e0580bbfff99897ba6267af42def2"},
    {file = "numpy-1.24.1-cp311-cp311-macosx_10_9_x86_64.whl", hash = "sha256:7094891dcf79ccc6bc2a1f30428fa5edb1e6fb955411ffff3401fb4ea93780a8"},
    {file = "numpy-1.24.1-cp311-cp311-macosx_11_0_arm64.whl", hash = "sha256:28e418681372520c992805bb723e29d69d6b7aa411065f48216d8329d02ba032"},
    {file = "numpy-1.24.1-cp311-cp311-manylinux_2_17_aarch64.manylinux2014_aarch64.whl", hash = "sha256:e274f0f6c7efd0d577744f52032fdd24344f11c5ae668fe8d01aac0422611df1"},
    {file = "numpy-1.24.1-cp311-cp311-manylinux_2_17_x86_64.manylinux2014_x86_64.whl", hash = "sha256:0044f7d944ee882400890f9ae955220d29b33d809a038923d88e4e01d652acd9"},
    {file = "numpy-1.24.1-cp311-cp311-win32.whl", hash = "sha256:442feb5e5bada8408e8fcd43f3360b78683ff12a4444670a7d9e9824c1817d36"},
    {file = "numpy-1.24.1-cp311-cp311-win_amd64.whl", hash = "sha256:de92efa737875329b052982e37bd4371d52cabf469f83e7b8be9bb7752d67e51"},
    {file = "numpy-1.24.1-cp38-cp38-macosx_10_9_x86_64.whl", hash = "sha256:b162ac10ca38850510caf8ea33f89edcb7b0bb0dfa5592d59909419986b72407"},
    {file = "numpy-1.24.1-cp38-cp38-macosx_11_0_arm64.whl", hash = "sha256:26089487086f2648944f17adaa1a97ca6aee57f513ba5f1c0b7ebdabbe2b9954"},
    {file = "numpy-1.24.1-cp38-cp38-manylinux_2_17_aarch64.manylinux2014_aarch64.whl", hash = "sha256:caf65a396c0d1f9809596be2e444e3bd4190d86d5c1ce21f5fc4be60a3bc5b36"},
    {file = "numpy-1.24.1-cp38-cp38-manylinux_2_17_x86_64.manylinux2014_x86_64.whl", hash = "sha256:b0677a52f5d896e84414761531947c7a330d1adc07c3a4372262f25d84af7bf7"},
    {file = "numpy-1.24.1-cp38-cp38-win32.whl", hash = "sha256:dae46bed2cb79a58d6496ff6d8da1e3b95ba09afeca2e277628171ca99b99db1"},
    {file = "numpy-1.24.1-cp38-cp38-win_amd64.whl", hash = "sha256:6ec0c021cd9fe732e5bab6401adea5a409214ca5592cd92a114f7067febcba0c"},
    {file = "numpy-1.24.1-cp39-cp39-macosx_10_9_x86_64.whl", hash = "sha256:28bc9750ae1f75264ee0f10561709b1462d450a4808cd97c013046073ae64ab6"},
    {file = "numpy-1.24.1-cp39-cp39-macosx_11_0_arm64.whl", hash = "sha256:84e789a085aabef2f36c0515f45e459f02f570c4b4c4c108ac1179c34d475ed7"},
    {file = "numpy-1.24.1-cp39-cp39-manylinux_2_17_aarch64.manylinux2014_aarch64.whl", hash = "sha256:8e669fbdcdd1e945691079c2cae335f3e3a56554e06bbd45d7609a6cf568c700"},
    {file = "numpy-1.24.1-cp39-cp39-manylinux_2_17_x86_64.manylinux2014_x86_64.whl", hash = "sha256:ef85cf1f693c88c1fd229ccd1055570cb41cdf4875873b7728b6301f12cd05bf"},
    {file = "numpy-1.24.1-cp39-cp39-win32.whl", hash = "sha256:87a118968fba001b248aac90e502c0b13606721b1343cdaddbc6e552e8dfb56f"},
    {file = "numpy-1.24.1-cp39-cp39-win_amd64.whl", hash = "sha256:ddc7ab52b322eb1e40521eb422c4e0a20716c271a306860979d450decbb51b8e"},
    {file = "numpy-1.24.1-pp38-pypy38_pp73-macosx_10_9_x86_64.whl", hash = "sha256:ed5fb71d79e771ec930566fae9c02626b939e37271ec285e9efaf1b5d4370e7d"},
    {file = "numpy-1.24.1-pp38-pypy38_pp73-manylinux_2_17_x86_64.manylinux2014_x86_64.whl", hash = "sha256:ad2925567f43643f51255220424c23d204024ed428afc5aad0f86f3ffc080086"},
    {file = "numpy-1.24.1-pp38-pypy38_pp73-win_amd64.whl", hash = "sha256:cfa1161c6ac8f92dea03d625c2d0c05e084668f4a06568b77a25a89111621566"},
    {file = "numpy-1.24.1.tar.gz", hash = "sha256:2386da9a471cc00a1f47845e27d916d5ec5346ae9696e01a8a34760858fe9dd2"},
]

[[package]]
name = "packaging"
version = "23.1"
description = "Core utilities for Python packages"
optional = false
python-versions = ">=3.7"
files = [
    {file = "packaging-23.1-py3-none-any.whl", hash = "sha256:994793af429502c4ea2ebf6bf664629d07c1a9fe974af92966e4b8d2df7edc61"},
    {file = "packaging-23.1.tar.gz", hash = "sha256:a392980d2b6cffa644431898be54b0045151319d1e7ec34f0cfed48767dd334f"},
]

[[package]]
name = "pluggy"
version = "1.3.0"
description = "plugin and hook calling mechanisms for python"
optional = false
python-versions = ">=3.8"
files = [
    {file = "pluggy-1.3.0-py3-none-any.whl", hash = "sha256:d89c696a773f8bd377d18e5ecda92b7a3793cbe66c87060a6fb58c7b6e1061f7"},
    {file = "pluggy-1.3.0.tar.gz", hash = "sha256:cf61ae8f126ac6f7c451172cf30e3e43d3ca77615509771b3a984a0730651e12"},
]

[package.extras]
dev = ["pre-commit", "tox"]
testing = ["pytest", "pytest-benchmark"]

[[package]]
name = "pygame"
version = "2.5.1"
description = "Python Game Development"
optional = false
python-versions = ">=3.6"
files = [
    {file = "pygame-2.5.1-cp310-cp310-macosx_10_9_x86_64.whl", hash = "sha256:afc3d7d125baba727785fd4a05b2a99a0ee1c0cff6db7321e65607a3f644724d"},
    {file = "pygame-2.5.1-cp310-cp310-macosx_11_0_arm64.whl", hash = "sha256:423168a16e89e02b4addfd3c2b68cfa9826bd675aa18141435de16da85143afe"},
    {file = "pygame-2.5.1-cp310-cp310-manylinux_2_17_aarch64.manylinux2014_aarch64.whl", hash = "sha256:8722cae725c49493603509087d5c4e6b9200993ab998663a553df3279237c52d"},
    {file = "pygame-2.5.1-cp310-cp310-manylinux_2_17_i686.manylinux2014_i686.whl", hash = "sha256:757f74c029c6d0fbed8f778034c7fa5be77f3d1cf217e9eda48d8508b7672d14"},
    {file = "pygame-2.5.1-cp310-cp310-manylinux_2_17_x86_64.manylinux2014_x86_64.whl", hash = "sha256:f597d1c57d4297b518865d95539fa70decbba77809bda66278baf0df98b6e2cf"},
    {file = "pygame-2.5.1-cp310-cp310-win32.whl", hash = "sha256:65d1983837fd1f8a9fee3576500e666fcdd4efb20c4b8d0edab2ff6921c67aa8"},
    {file = "pygame-2.5.1-cp310-cp310-win_amd64.whl", hash = "sha256:30fe97290f0fcc6a6f45a939a95ae44477a9b36cd89f93a7435bdad6d6a2bedd"},
    {file = "pygame-2.5.1-cp311-cp311-macosx_10_9_x86_64.whl", hash = "sha256:8fbf01919feea464b57b505973f68386d73d2cd08cf52078c578e3bffcf03c84"},
    {file = "pygame-2.5.1-cp311-cp311-macosx_11_0_arm64.whl", hash = "sha256:f0b237cee5147f95bcbc98d8c1f13da4a6a637256a274021313db6a11ab8cebf"},
    {file = "pygame-2.5.1-cp311-cp311-manylinux_2_17_aarch64.manylinux2014_aarch64.whl", hash = "sha256:57bf8237fa2dcc16ddb4cd2eddaa52009e6c84f219c051b118d8863ea7f05433"},
    {file = "pygame-2.5.1-cp311-cp311-manylinux_2_17_i686.manylinux2014_i686.whl", hash = "sha256:93de41a54909f5622f01671d04e22c4dbc889ae8c3d1b1ee1b25d4e83077683f"},
    {file = "pygame-2.5.1-cp311-cp311-manylinux_2_17_x86_64.manylinux2014_x86_64.whl", hash = "sha256:6621baf985d8aec2b1089d86dcbf7b53ed1b235d9b372b1083e385f8d6ef9ee1"},
    {file = "pygame-2.5.1-cp311-cp311-win32.whl", hash = "sha256:1f90e3e6677cfc56bb04b13fb6c6e61e5f24d9373b27d33942ba7e4da0255c8d"},
    {file = "pygame-2.5.1-cp311-cp311-win_amd64.whl", hash = "sha256:b06122f17e5c6ec7316c454613a34d697abfed94ed1029f26b804d20ef6ba550"},
    {file = "pygame-2.5.1-cp312-cp312-manylinux_2_17_aarch64.manylinux2014_aarch64.whl", hash = "sha256:63f7b0cd0ea631161b72056ce6d8ee0eb6af809e1a1f96c5fd338ec8b7e9eb33"},
    {file = "pygame-2.5.1-cp312-cp312-manylinux_2_17_i686.manylinux2014_i686.whl", hash = "sha256:3b0ab1e29459f5e6d88c3c586f59113172846f8800f0a166d1605a0f459f8242"},
    {file = "pygame-2.5.1-cp312-cp312-manylinux_2_17_x86_64.manylinux2014_x86_64.whl", hash = "sha256:d9c01780e8a11047c0a9f9b09db023d736c2221a292f2542b398f78a0bf15f32"},
    {file = "pygame-2.5.1-cp312-cp312-win32.whl", hash = "sha256:643a0556b563a9ae9448ffdec459bb84d200be666e4fd197d68be15b6c2b4826"},
    {file = "pygame-2.5.1-cp312-cp312-win_amd64.whl", hash = "sha256:2cb3d56f34147c4c6653c4dac8d58e0791a298abff762aab147679e6935e6cd0"},
    {file = "pygame-2.5.1-cp36-cp36m-macosx_10_9_x86_64.whl", hash = "sha256:2377534fe2947ae6eaec1b7469f438ae4e4f3ff22c67b80e0c580215a52654ce"},
    {file = "pygame-2.5.1-cp36-cp36m-manylinux_2_17_aarch64.manylinux2014_aarch64.whl", hash = "sha256:88d2a8880200035017696783475b6f32b0e551fbb23a52f0223264b24d680949"},
    {file = "pygame-2.5.1-cp36-cp36m-manylinux_2_17_i686.manylinux2014_i686.whl", hash = "sha256:48c6064bc879ef092194cf21ba25433500a0f8006979ef9ae145081ed1767de7"},
    {file = "pygame-2.5.1-cp36-cp36m-manylinux_2_17_x86_64.manylinux2014_x86_64.whl", hash = "sha256:f983d62e659e7b2644605b690e2b72683b2d0d1124f09274ffa2cc8658648546"},
    {file = "pygame-2.5.1-cp36-cp36m-win32.whl", hash = "sha256:57c361a402db63224160082451721caafc138e6e27aba5f30f9268672fb8f3d1"},
    {file = "pygame-2.5.1-cp36-cp36m-win_amd64.whl", hash = "sha256:cbcd03784a1858c2c5b91b6ba65c1905b9e30a2e150759f5a54af3241e008fbc"},
    {file = "pygame-2.5.1-cp37-cp37m-macosx_10_9_x86_64.whl", hash = "sha256:be1ec9bf870d155b978811d115363c89eb10418c78295bb58b7bbd4e679d0010"},
    {file = "pygame-2.5.1-cp37-cp37m-manylinux_2_17_aarch64.manylinux2014_aarch64.whl", hash = "sha256:c1b2d1fcb51e60ecacd18f2a03f2a6023453ab64298fd4f54d8c50a5b2a13bff"},
    {file = "pygame-2.5.1-cp37-cp37m-manylinux_2_17_i686.manylinux2014_i686.whl", hash = "sha256:9212522069fca25cadf3a8044383d01f5451833b66f950cb9bc6d49406f88cee"},
    {file = "pygame-2.5.1-cp37-cp37m-manylinux_2_17_x86_64.manylinux2014_x86_64.whl", hash = "sha256:4276c2688b11e098bb3732e7e243f522a58d0cd662bc72008727fc7671277771"},
    {file = "pygame-2.5.1-cp37-cp37m-win32.whl", hash = "sha256:9463b7c80994eabcb6f9460a7859241fe030c6654d041a2f26ce12366ae202f3"},
    {file = "pygame-2.5.1-cp37-cp37m-win_amd64.whl", hash = "sha256:11cb40204cad95b7c23aee32bac048a531e3528a6f12dd3601504ec0b6000c06"},
    {file = "pygame-2.5.1-cp38-cp38-macosx_10_9_x86_64.whl", hash = "sha256:426897ec90e91a05c3d41c44875793568d4b20065f086ac476729a9e557e8976"},
    {file = "pygame-2.5.1-cp38-cp38-macosx_11_0_arm64.whl", hash = "sha256:184d8e3b025ca6cbd199235faece6a7b911725566f40c71e0773058f1e189da2"},
    {file = "pygame-2.5.1-cp38-cp38-manylinux_2_17_aarch64.manylinux2014_aarch64.whl", hash = "sha256:0b378ba0756173e9dc8cd7e0c40cb6ba217b122a6bef2ce3479293d543cc9777"},
    {file = "pygame-2.5.1-cp38-cp38-manylinux_2_17_i686.manylinux2014_i686.whl", hash = "sha256:62f09b59b9702ccf9d7a6e7c6ebb1fca5f0072c30e99b4f786c5478876433f0c"},
    {file = "pygame-2.5.1-cp38-cp38-manylinux_2_17_x86_64.manylinux2014_x86_64.whl", hash = "sha256:cbcc7284369118299ce935062ef0c79d67503ad3b86bd6b02a29211279a46244"},
    {file = "pygame-2.5.1-cp38-cp38-win32.whl", hash = "sha256:3df49bb58dcd70ed76e8da0e936a267c57245e5b057ceeaa9070340d7d49162a"},
    {file = "pygame-2.5.1-cp38-cp38-win_amd64.whl", hash = "sha256:4c410bd1d0807820fef48f15452366d0ef100d966323835ced818f7833d16a5a"},
    {file = "pygame-2.5.1-cp39-cp39-macosx_10_9_x86_64.whl", hash = "sha256:06c0a4f415dffa0b9d9099ee01647b1d6794f6a96b2b909997e05acff85e745c"},
    {file = "pygame-2.5.1-cp39-cp39-macosx_11_0_arm64.whl", hash = "sha256:a0eb2cae526a39a8e213477ce6d4947d7b7fb50757fbdb0275c9e3ee1bca22df"},
    {file = "pygame-2.5.1-cp39-cp39-manylinux_2_17_aarch64.manylinux2014_aarch64.whl", hash = "sha256:5a232083d54c5936f40cb493d9cced38702a03dd7918fefd9a6b6522875714e5"},
    {file = "pygame-2.5.1-cp39-cp39-manylinux_2_17_i686.manylinux2014_i686.whl", hash = "sha256:e234c4d58b76dfc0d32b337e46e2191fa4dad7b3b0c7110d5c97076f1bf8cbd4"},
    {file = "pygame-2.5.1-cp39-cp39-manylinux_2_17_x86_64.manylinux2014_x86_64.whl", hash = "sha256:8e9816fa15aea99b6ea2e0b88ba07e83cc19a152c3724016d323823e6e713454"},
    {file = "pygame-2.5.1-cp39-cp39-win32.whl", hash = "sha256:7613ccb5c1800234c7e2d090f5f0be9d72f5fd76e49acc458bcc33797ab0de97"},
    {file = "pygame-2.5.1-cp39-cp39-win_amd64.whl", hash = "sha256:0618d8648e8d890a1bfc04a2ffd043a9b20dbc2e175d1347402e044729a5515b"},
    {file = "pygame-2.5.1-pp36-pypy36_pp73-win32.whl", hash = "sha256:ea3bce8488f2bdb83a874f7799e229be9e0a1b70d2cff9c47234c19a54ab868e"},
    {file = "pygame-2.5.1-pp37-pypy37_pp73-manylinux_2_17_i686.manylinux2014_i686.whl", hash = "sha256:581ef66dfbff883fc4a172f57395db4e8c97d3381860e81943261a5a5214fde7"},
    {file = "pygame-2.5.1-pp37-pypy37_pp73-manylinux_2_17_x86_64.manylinux2014_x86_64.whl", hash = "sha256:5e4bbe4b94cd0dbf592ee32be5561b0cad8327aff92c36e7a1a1372ed804229e"},
    {file = "pygame-2.5.1-pp38-pypy38_pp73-macosx_10_9_x86_64.whl", hash = "sha256:05b13f5994efd61c3de50ef0b5062fa3396e3fd851e99e215a7e3da78da49561"},
    {file = "pygame-2.5.1-pp38-pypy38_pp73-manylinux_2_17_i686.manylinux2014_i686.whl", hash = "sha256:e21a79fd5db155164ad3341f12c89e121ce53cb4ea1856527dfa9daeb3f6016d"},
    {file = "pygame-2.5.1-pp38-pypy38_pp73-manylinux_2_17_x86_64.manylinux2014_x86_64.whl", hash = "sha256:e8c5953767eb459d9a32ca52399c2f379af807a24e00163f1bcb1aacc1e81d59"},
    {file = "pygame-2.5.1-pp39-pypy39_pp73-macosx_10_9_x86_64.whl", hash = "sha256:84e4a4da14235d812b65081a87dbe89a4d45a101d06a4f33cf386be825e8797e"},
    {file = "pygame-2.5.1-pp39-pypy39_pp73-manylinux_2_17_i686.manylinux2014_i686.whl", hash = "sha256:5a78eb81082bf460249f0e7267db8d2f401f37f538b673125719be1db504584c"},
    {file = "pygame-2.5.1-pp39-pypy39_pp73-manylinux_2_17_x86_64.manylinux2014_x86_64.whl", hash = "sha256:cfb90539845885c4bb7861d6c7fe84ffb19de466b6d55fc39b707e8ea261ff93"},
    {file = "pygame-2.5.1.tar.gz", hash = "sha256:b7f88720be5c740576fd988dc0375328dc1adb070869654a245531e03df46262"},
]

[[package]]
name = "pytest"
version = "7.4.1"
description = "pytest: simple powerful testing with Python"
optional = false
python-versions = ">=3.7"
files = [
    {file = "pytest-7.4.1-py3-none-any.whl", hash = "sha256:460c9a59b14e27c602eb5ece2e47bec99dc5fc5f6513cf924a7d03a578991b1f"},
    {file = "pytest-7.4.1.tar.gz", hash = "sha256:2f2301e797521b23e4d2585a0a3d7b5e50fdddaaf7e7d6773ea26ddb17c213ab"},
]

[package.dependencies]
colorama = {version = "*", markers = "sys_platform == \"win32\""}
exceptiongroup = {version = ">=1.0.0rc8", markers = "python_version < \"3.11\""}
iniconfig = "*"
packaging = "*"
pluggy = ">=0.12,<2.0"
tomli = {version = ">=1.0.0", markers = "python_version < \"3.11\""}

[package.extras]
testing = ["argcomplete", "attrs (>=19.2.0)", "hypothesis (>=3.56)", "mock", "nose", "pygments (>=2.7.2)", "requests", "setuptools", "xmlschema"]

[[package]]
name = "pytest-cov"
version = "4.1.0"
description = "Pytest plugin for measuring coverage."
optional = false
python-versions = ">=3.7"
files = [
    {file = "pytest-cov-4.1.0.tar.gz", hash = "sha256:3904b13dfbfec47f003b8e77fd5b589cd11904a21ddf1ab38a64f204d6a10ef6"},
    {file = "pytest_cov-4.1.0-py3-none-any.whl", hash = "sha256:6ba70b9e97e69fcc3fb45bfeab2d0a138fb65c4d0d6a41ef33983ad114be8c3a"},
]

[package.dependencies]
coverage = {version = ">=5.2.1", extras = ["toml"]}
pytest = ">=4.6"

[package.extras]
testing = ["fields", "hunter", "process-tests", "pytest-xdist", "six", "virtualenv"]

[[package]]
name = "setuptools"
version = "68.0.0"
description = "Easily download, build, install, upgrade, and uninstall Python packages"
optional = false
python-versions = ">=3.7"
files = [
    {file = "setuptools-68.0.0-py3-none-any.whl", hash = "sha256:11e52c67415a381d10d6b462ced9cfb97066179f0e871399e006c4ab101fc85f"},
    {file = "setuptools-68.0.0.tar.gz", hash = "sha256:baf1fdb41c6da4cd2eae722e135500da913332ab3f2f5c7d33af9b492acb5235"},
]

[package.extras]
docs = ["furo", "jaraco.packaging (>=9)", "jaraco.tidelift (>=1.4)", "pygments-github-lexers (==0.0.5)", "rst.linker (>=1.9)", "sphinx (>=3.5)", "sphinx-favicon", "sphinx-hoverxref (<2)", "sphinx-inline-tabs", "sphinx-lint", "sphinx-notfound-page (==0.8.3)", "sphinx-reredirects", "sphinxcontrib-towncrier"]
testing = ["build[virtualenv]", "filelock (>=3.4.0)", "flake8-2020", "ini2toml[lite] (>=0.9)", "jaraco.envs (>=2.2)", "jaraco.path (>=3.2.0)", "pip (>=19.1)", "pip-run (>=8.8)", "pytest (>=6)", "pytest-black (>=0.3.7)", "pytest-checkdocs (>=2.4)", "pytest-cov", "pytest-enabler (>=1.3)", "pytest-mypy (>=0.9.1)", "pytest-perf", "pytest-ruff", "pytest-timeout", "pytest-xdist", "tomli-w (>=1.0.0)", "virtualenv (>=13.0.0)", "wheel"]
testing-integration = ["build[virtualenv]", "filelock (>=3.4.0)", "jaraco.envs (>=2.2)", "jaraco.path (>=3.2.0)", "pytest", "pytest-enabler", "pytest-xdist", "tomli", "virtualenv (>=13.0.0)", "wheel"]

[[package]]
name = "tomli"
version = "2.0.1"
description = "A lil' TOML parser"
optional = false
python-versions = ">=3.7"
files = [
    {file = "tomli-2.0.1-py3-none-any.whl", hash = "sha256:939de3e7a6161af0c887ef91b7d41a53e7c5a1ca976325f429cb46ea9bc30ecc"},
    {file = "tomli-2.0.1.tar.gz", hash = "sha256:de526c12914f0c550d15924c62d72abc48d6fe7364aa87328337a31007fe8a4f"},
]

[[package]]
name = "typing-extensions"
version = "4.7.1"
description = "Backported and Experimental Type Hints for Python 3.7+"
optional = false
python-versions = ">=3.7"
files = [
    {file = "typing_extensions-4.7.1-py3-none-any.whl", hash = "sha256:440d5dd3af93b060174bf433bccd69b0babc3b15b1a8dca43789fd7f61514b36"},
    {file = "typing_extensions-4.7.1.tar.gz", hash = "sha256:b75ddc264f0ba5615db7ba217daeb99701ad295353c45f9e95963337ceeeffb2"},
]

[metadata]
lock-version = "2.0"
python-versions = "^3.10"
content-hash = "655dbbcc382b08b8c9cee9dd55d89fb9d9bb14c10323fbfa88e51164cb93f5ef"
